{
  "requires": true,
  "lockfileVersion": 1,
  "dependencies": {
    "@sphinxxxx/color-conversion": {
      "version": "2.2.2",
      "resolved": "https://registry.npmjs.org/@sphinxxxx/color-conversion/-/color-conversion-2.2.2.tgz",
      "integrity": "sha512-XExJS3cLqgrmNBIP3bBw6+1oQ1ksGjFh0+oClDKFYpCCqx/hlqwWO5KO/S63fzUo67SxI9dMrF0y5T/Ey7h8Zw=="
    },
    "ace-builds": {
      "version": "1.4.12",
      "resolved": "https://registry.npmjs.org/ace-builds/-/ace-builds-1.4.12.tgz",
      "integrity": "sha512-G+chJctFPiiLGvs3+/Mly3apXTcfgE45dT5yp12BcWZ1kUs+gm0qd3/fv4gsz6fVag4mM0moHVpjHDIgph6Psg=="
    },
    "ajv": {
      "version": "6.12.6",
      "resolved": "https://registry.npmjs.org/ajv/-/ajv-6.12.6.tgz",
      "integrity": "sha512-j3fVLgvTo527anyYyJOGTYJbG+vnnQYvE0m5mmkc1TK+nxAppkCLMIL0aZ4dblVCNoGShhm+kzE4ZUykBoMg4g==",
      "requires": {
        "fast-deep-equal": "^3.1.1",
        "fast-json-stable-stringify": "^2.0.0",
        "json-schema-traverse": "^0.4.1",
        "uri-js": "^4.2.2"
      }
    },
    "anymatch": {
      "version": "3.1.1",
      "resolved": "https://registry.npmjs.org/anymatch/-/anymatch-3.1.1.tgz",
      "integrity": "sha512-mM8522psRCqzV+6LhomX5wgp25YVibjh8Wj23I5RPkPppSVSjyKD2A2mBJmWGa+KN7f2D6LNh9jkBCeyLktzjg==",
      "requires": {
        "normalize-path": "^3.0.0",
        "picomatch": "^2.0.4"
      }
    },
    "binary-extensions": {
      "version": "2.2.0",
      "resolved": "https://registry.npmjs.org/binary-extensions/-/binary-extensions-2.2.0.tgz",
      "integrity": "sha512-jDctJ/IVQbZoJykoeHbhXpOlNBqGNcwXJKJog42E5HDPUwQTSdjCHdihjj0DlnheQ7blbT6dHOafNAiS8ooQKA=="
    },
    "braces": {
      "version": "3.0.2",
      "resolved": "https://registry.npmjs.org/braces/-/braces-3.0.2.tgz",
      "integrity": "sha512-b8um+L1RzM3WDSzvhm6gIz1yfTbBt6YTlcEKAvsmqCZZFw46z626lVj9j1yEPW33H5H+lBQpZMP1k8l+78Ha0A==",
      "requires": {
        "fill-range": "^7.0.1"
      }
    },
    "chokidar": {
      "version": "3.5.1",
      "resolved": "https://registry.npmjs.org/chokidar/-/chokidar-3.5.1.tgz",
      "integrity": "sha512-9+s+Od+W0VJJzawDma/gvBNQqkTiqYTWLuZoyAsivsI4AaWTCzHG06/TMjsf1cYe9Cb97UCEhjz7HvnPk2p/tw==",
      "requires": {
        "anymatch": "~3.1.1",
        "braces": "~3.0.2",
        "fsevents": "~2.3.1",
        "glob-parent": "~5.1.0",
        "is-binary-path": "~2.1.0",
        "is-glob": "~4.0.1",
        "normalize-path": "~3.0.0",
        "readdirp": "~3.5.0"
      }
    },
    "fast-deep-equal": {
      "version": "3.1.3",
      "resolved": "https://registry.npmjs.org/fast-deep-equal/-/fast-deep-equal-3.1.3.tgz",
      "integrity": "sha512-f3qQ9oQy9j2AhBe/H9VC91wLmKBCCU/gDOnKNAYG5hswO7BLKj09Hc5HYNz9cGI++xlpDCIgDaitVs03ATR84Q=="
    },
    "fast-json-stable-stringify": {
      "version": "2.1.0",
      "resolved": "https://registry.npmjs.org/fast-json-stable-stringify/-/fast-json-stable-stringify-2.1.0.tgz",
      "integrity": "sha512-lhd/wF+Lk98HZoTCtlVraHtfh5XYijIjalXck7saUtuanSDyLMxnHhSXEDJqHxD7msR8D0uCmqlkwjCV8xvwHw=="
    },
    "fill-range": {
      "version": "7.0.1",
      "resolved": "https://registry.npmjs.org/fill-range/-/fill-range-7.0.1.tgz",
      "integrity": "sha512-qOo9F+dMUmC2Lcb4BbVvnKJxTPjCm+RRpe4gDuGrzkL7mEVl/djYSu2OdQ2Pa302N4oqkSg9ir6jaLWJ2USVpQ==",
      "requires": {
        "to-regex-range": "^5.0.1"
      }
    },
    "fsevents": {
      "version": "2.3.1",
      "resolved": "https://registry.npmjs.org/fsevents/-/fsevents-2.3.1.tgz",
      "integrity": "sha512-YR47Eg4hChJGAB1O3yEAOkGO+rlzutoICGqGo9EZ4lKWokzZRSyIW1QmTzqjtw8MJdj9srP869CuWw/hyzSiBw==",
      "optional": true
    },
    "glob-parent": {
      "version": "5.1.1",
      "resolved": "https://registry.npmjs.org/glob-parent/-/glob-parent-5.1.1.tgz",
      "integrity": "sha512-FnI+VGOpnlGHWZxthPGR+QhR78fuiK0sNLkHQv+bL9fQi57lNNdquIbna/WrfROrolq8GK5Ek6BiMwqL/voRYQ==",
      "requires": {
        "is-glob": "^4.0.1"
      }
    },
    "is-binary-path": {
      "version": "2.1.0",
      "resolved": "https://registry.npmjs.org/is-binary-path/-/is-binary-path-2.1.0.tgz",
      "integrity": "sha512-ZMERYes6pDydyuGidse7OsHxtbI7WVeUEozgR/g7rd0xUimYNlvZRE/K2MgZTjWy725IfelLeVcEM97mmtRGXw==",
      "requires": {
        "binary-extensions": "^2.0.0"
      }
    },
    "is-extglob": {
      "version": "2.1.1",
      "resolved": "https://registry.npmjs.org/is-extglob/-/is-extglob-2.1.1.tgz",
      "integrity": "sha1-qIwCU1eR8C7TfHahueqXc8gz+MI="
    },
    "is-glob": {
      "version": "4.0.1",
      "resolved": "https://registry.npmjs.org/is-glob/-/is-glob-4.0.1.tgz",
      "integrity": "sha512-5G0tKtBTFImOqDnLB2hG6Bp2qcKEFduo4tZu9MT/H6NQv/ghhy30o55ufafxJ/LdH79LLs2Kfrn85TLKyA7BUg==",
      "requires": {
        "is-extglob": "^2.1.1"
      }
    },
    "is-number": {
      "version": "7.0.0",
      "resolved": "https://registry.npmjs.org/is-number/-/is-number-7.0.0.tgz",
      "integrity": "sha512-41Cifkg6e8TylSpdtTpeLVMqvSBEVzTttHvERD741+pnZ8ANv0004MRL43QKPDlK9cGvNp6NZWZUBlbGXYxxng=="
    },
    "javascript-natural-sort": {
      "version": "0.7.1",
      "resolved": "https://registry.npmjs.org/javascript-natural-sort/-/javascript-natural-sort-0.7.1.tgz",
      "integrity": "sha1-+eIwPUUH9tdDVac2ZNFED7Wg71k="
    },
    "jmespath": {
      "version": "0.15.0",
      "resolved": "https://registry.npmjs.org/jmespath/-/jmespath-0.15.0.tgz",
      "integrity": "sha1-o/Iiqarp+Wb10nx5ZRDigJF2Qhc="
    },
    "jquery": {
      "version": "3.5.1",
      "resolved": "https://registry.npmjs.org/jquery/-/jquery-3.5.1.tgz",
      "integrity": "sha512-XwIBPqcMn57FxfT+Go5pzySnm4KWkT1Tv7gjrpT1srtf8Weynl6R273VJ5GjkRb51IzMp5nbaPjJXMWeju2MKg=="
    },
    "json-schema-traverse": {
      "version": "0.4.1",
      "resolved": "https://registry.npmjs.org/json-schema-traverse/-/json-schema-traverse-0.4.1.tgz",
      "integrity": "sha512-xbbCH5dCYU5T8LcEhhuh7HJ88HXuW3qsI3Y0zOZFKfZEHcpWiHU/Jxzk629Brsab/mMiHQti9wMP+845RPe3Vg=="
    },
    "json-source-map": {
      "version": "0.6.1",
      "resolved": "https://registry.npmjs.org/json-source-map/-/json-source-map-0.6.1.tgz",
      "integrity": "sha512-1QoztHPsMQqhDq0hlXY5ZqcEdUzxQEIxgFkKl4WUp2pgShObl+9ovi4kRh2TfvAfxAoHOJ9vIMEqk3k4iex7tg=="
    },
    "jsoneditor": {
      "version": "9.1.8",
      "resolved": "https://registry.npmjs.org/jsoneditor/-/jsoneditor-9.1.8.tgz",
      "integrity": "sha512-T7iZjrYdtFqVuUFelwni9UKp6jXklYa0O0VmohMhYjBBx356h9S7qHZnxoVenXBSmLrYA4SthIt8cY+4zKvFRQ==",
      "requires": {
        "ace-builds": "^1.4.12",
        "ajv": "^6.12.6",
        "javascript-natural-sort": "^0.7.1",
        "jmespath": "^0.15.0",
        "json-source-map": "^0.6.1",
        "jsonrepair": "^2.0.0",
        "mobius1-selectr": "^2.4.13",
        "picomodal": "^3.0.0",
        "vanilla-picker": "^2.11.0"
      }
    },
    "jsonrepair": {
      "version": "2.0.0",
      "resolved": "https://registry.npmjs.org/jsonrepair/-/jsonrepair-2.0.0.tgz",
      "integrity": "sha512-beGD14VPmrQNt/Sspi12sCGT+N3w7FWM1T2UJx7biEMfGIUUpqBBPjHq8ETKA992+JS+fSnrSHxKHq7AIgdgcA=="
    },
    "mobius1-selectr": {
      "version": "2.4.13",
      "resolved": "https://registry.npmjs.org/mobius1-selectr/-/mobius1-selectr-2.4.13.tgz",
      "integrity": "sha512-Mk9qDrvU44UUL0EBhbAA1phfQZ7aMZPjwtL7wkpiBzGh8dETGqfsh50mWoX9EkjDlkONlErWXArHCKfoxVg0Bw=="
    },
    "normalize-path": {
      "version": "3.0.0",
      "resolved": "https://registry.npmjs.org/normalize-path/-/normalize-path-3.0.0.tgz",
      "integrity": "sha512-6eZs5Ls3WtCisHWp9S2GUy8dqkpGi4BVSz3GaqiE6ezub0512ESztXUwUB6C6IKbQkY2Pnb/mD4WYojCRwcwLA=="
    },
    "picomatch": {
      "version": "2.2.2",
      "resolved": "https://registry.npmjs.org/picomatch/-/picomatch-2.2.2.tgz",
      "integrity": "sha512-q0M/9eZHzmr0AulXyPwNfZjtwZ/RBZlbN3K3CErVrk50T2ASYI7Bye0EvekFY3IP1Nt2DHu0re+V2ZHIpMkuWg=="
    },
    "picomodal": {
      "version": "3.0.0",
      "resolved": "https://registry.npmjs.org/picomodal/-/picomodal-3.0.0.tgz",
      "integrity": "sha1-+s0w9PvzSoCcHgTqUl8ATzmcC4I="
    },
    "punycode": {
      "version": "2.1.1",
      "resolved": "https://registry.npmjs.org/punycode/-/punycode-2.1.1.tgz",
      "integrity": "sha512-XRsRjdf+j5ml+y/6GKHPZbrF/8p2Yga0JPtdqTIY2Xe5ohJPD9saDJJLPvp9+NSBprVvevdXZybnj2cv8OEd0A=="
    },
    "readdirp": {
      "version": "3.5.0",
      "resolved": "https://registry.npmjs.org/readdirp/-/readdirp-3.5.0.tgz",
      "integrity": "sha512-cMhu7c/8rdhkHXWsY+osBhfSy0JikwpHK/5+imo+LpeasTF8ouErHrlYkwT0++njiyuDvc7OFY5T3ukvZ8qmFQ==",
      "requires": {
        "picomatch": "^2.2.1"
      }
    },
    "sass": {
      "version": "1.32.5",
      "resolved": "https://registry.npmjs.org/sass/-/sass-1.32.5.tgz",
      "integrity": "sha512-kU1yJ5zUAmPxr7f3q0YXTAd1oZjSR1g3tYyv+xu0HZSl5JiNOaE987eiz7wCUvbm4I9fGWGU2TgApTtcP4GMNQ==",
      "requires": {
        "chokidar": ">=2.0.0 <4.0.0"
      }
    },
    "to-regex-range": {
      "version": "5.0.1",
      "resolved": "https://registry.npmjs.org/to-regex-range/-/to-regex-range-5.0.1.tgz",
      "integrity": "sha512-65P7iz6X5yEr1cwcgvQxbbIw7Uk3gOy5dIdtZ4rDveLqhrdJP+Li/Hx6tyK0NEb+2GCyneCMJiGqrADCSNk8sQ==",
      "requires": {
        "is-number": "^7.0.0"
      }
    },
    "uri-js": {
      "version": "4.4.1",
      "resolved": "https://registry.npmjs.org/uri-js/-/uri-js-4.4.1.tgz",
      "integrity": "sha512-7rKUyy33Q1yc98pQ1DAmLtwX109F7TIfWlW1Ydo8Wl1ii1SeHieeh0HHfPeL2fMXK6z0s8ecKs9frCuLJvndBg==",
      "requires": {
        "punycode": "^2.1.0"
      }
    },
    "vanilla-picker": {
      "version": "2.11.0",
      "resolved": "https://registry.npmjs.org/vanilla-picker/-/vanilla-picker-2.11.0.tgz",
      "integrity": "sha512-MsTAyROQRN3yoUdToiQtfnW752wC9DpnXbOhAMGJgBi+TMDZ0IUfbmIVB5u3P1ltBDlqy8TjY59a4lOioSlgZw==",
      "requires": {
        "@sphinxxxx/color-conversion": "^2.2.2"
      }
    }
  }
}
